# THIS IS AN AUTOGENERATED FILE. DO NOT EDIT THIS FILE DIRECTLY.
# yarn lockfile v1


fpack@^0.6.8:
  version "0.6.8"
  resolved "https://registry.yarnpkg.com/fpack/-/fpack-0.6.8.tgz#a3c34b42a68c836ab0933e0cff1656ac39eb2092"
  integrity sha512-duOmZyPNivpibcsMTloMrNCOGUkjrjiezabXCiu31UWpH6QkyLSBossENiw9sYkK+M7dUvCdasvdwwC9hUMbFw==
